
Microsoft Visual Studio Solution File, Format Version 12.00
# Visual Studio Version 16
VisualStudioVersion = 16.0.29215.179
MinimumVisualStudioVersion = 10.0.40219.1
Project("{FAE04EC0-301F-11D3-BF4B-00C04F79EFBC}") = "NerealSoftware.CodeAnalyzer.Interfaces", "NerealSoftware.CodeAnalyzer.Interfaces\NerealSoftware.CodeAnalyzer.Interfaces.csproj", "{214C0AFA-BEF2-4C0F-B156-C51FCFFF87D1}"
EndProject
Global
	GlobalSection(SolutionConfigurationPlatforms) = preSolution
		Debug|Any CPU = Debug|Any CPU
		Release|Any CPU = Release|Any CPU
	EndGlobalSection
	GlobalSection(ProjectConfigurationPlatforms) = postSolution
		{214C0AFA-BEF2-4C0F-B156-C51FCFFF87D1}.Debug|Any CPU.ActiveCfg = Debug|Any CPU
		{214C0AFA-BEF2-4C0F-B156-C51FCFFF87D1}.Debug|Any CPU.Build.0 = Debug|Any CPU
		{214C0AFA-BEF2-4C0F-B156-C51FCFFF87D1}.Release|Any CPU.ActiveCfg = Release|Any CPU
		{214C0AFA-BEF2-4C0F-B156-C51FCFFF87D1}.Release|Any CPU.Build.0 = Release|Any CPU
	EndGlobalSection
	GlobalSection(SolutionProperties) = preSolution
		HideSolutionNode = FALSE
	EndGlobalSection
	GlobalSection(ExtensibilityGlobals) = postSolution
		SolutionGuid = {243939D8-505E-4D73-8764-84D99C715844}
	EndGlobalSection
EndGlobal
